// !$*UTF8*$!
{
	archiveVersion = 1;
	classes = {
	};
	objectVersion = 50;
	objects = {

/* Begin PBXBuildFile section */
		CA315389218684DD00C7D9E0 /* App.swift in Sources */ = {isa = PBXBuildFile; fileRef = CA315388218684DD00C7D9E0 /* App.swift */; };
		CA31538B218732CD00C7D9E0 /* Apps.plist in Resources */ = {isa = PBXBuildFile; fileRef = CA31538A218732CD00C7D9E0 /* Apps.plist */; };
		CA31538D21880D3700C7D9E0 /* TransferService.swift in Sources */ = {isa = PBXBuildFile; fileRef = CA31538C21880D3700C7D9E0 /* TransferService.swift */; };
		CA3153902188A1B300C7D9E0 /* UINavigationController+Extensions.swift in Sources */ = {isa = PBXBuildFile; fileRef = CA31538F2188A1B300C7D9E0 /* UINavigationController+Extensions.swift */; };
		CA3153932188A24D00C7D9E0 /* AppDetailsViewController.swift in Sources */ = {isa = PBXBuildFile; fileRef = CA3153922188A24D00C7D9E0 /* AppDetailsViewController.swift */; };
		CA3153952188AAD700C7D9E0 /* AppDetailsBuilder.swift in Sources */ = {isa = PBXBuildFile; fileRef = CA3153942188AAD700C7D9E0 /* AppDetailsBuilder.swift */; };
		CA3153972188ACCE00C7D9E0 /* LabelState.swift in Sources */ = {isa = PBXBuildFile; fileRef = CA3153962188ACCE00C7D9E0 /* LabelState.swift */; };
		CA3153992188B12400C7D9E0 /* PaddedLabel.swift in Sources */ = {isa = PBXBuildFile; fileRef = CA3153982188B12400C7D9E0 /* PaddedLabel.swift */; };
		CA31539C2188B3B000C7D9E0 /* ImageView.swift in Sources */ = {isa = PBXBuildFile; fileRef = CA31539B2188B3B000C7D9E0 /* ImageView.swift */; };
		CA31539E21891F5900C7D9E0 /* SectionHeader.swift in Sources */ = {isa = PBXBuildFile; fileRef = CA31539D21891F5900C7D9E0 /* SectionHeader.swift */; };
		CA3153A0218928E700C7D9E0 /* SpacerCell.swift in Sources */ = {isa = PBXBuildFile; fileRef = CA31539F218928E700C7D9E0 /* SpacerCell.swift */; };
		CA7BE84E2186068D0002F8A2 /* AppDelegate.swift in Sources */ = {isa = PBXBuildFile; fileRef = CA7BE84D2186068D0002F8A2 /* AppDelegate.swift */; };
		CA7BE8502186068D0002F8A2 /* AppListViewController.swift in Sources */ = {isa = PBXBuildFile; fileRef = CA7BE84F2186068D0002F8A2 /* AppListViewController.swift */; };
		CA7BE8532186068D0002F8A2 /* Main.storyboard in Resources */ = {isa = PBXBuildFile; fileRef = CA7BE8512186068D0002F8A2 /* Main.storyboard */; };
		CA7BE8552186068E0002F8A2 /* Assets.xcassets in Resources */ = {isa = PBXBuildFile; fileRef = CA7BE8542186068E0002F8A2 /* Assets.xcassets */; };
		CA7BE8582186068E0002F8A2 /* LaunchScreen.storyboard in Resources */ = {isa = PBXBuildFile; fileRef = CA7BE8562186068E0002F8A2 /* LaunchScreen.storyboard */; };
		CA9DFC9221860DFE0059AF60 /* FunctionalTableData.framework in Frameworks */ = {isa = PBXBuildFile; fileRef = CA9DFC9121860DFE0059AF60 /* FunctionalTableData.framework */; };
		CA9DFC98218617C70059AF60 /* AppItemCell.swift in Sources */ = {isa = PBXBuildFile; fileRef = CA9DFC97218617C70059AF60 /* AppItemCell.swift */; };
		CA9DFC9A21861B770059AF60 /* Metrics.swift in Sources */ = {isa = PBXBuildFile; fileRef = CA9DFC9921861B770059AF60 /* Metrics.swift */; };
		CA9DFC9C218620CA0059AF60 /* Colors.swift in Sources */ = {isa = PBXBuildFile; fileRef = CA9DFC9B218620CA0059AF60 /* Colors.swift */; };
		CA9DFC9E21862C910059AF60 /* AppListBuilder.swift in Sources */ = {isa = PBXBuildFile; fileRef = CA9DFC9D21862C910059AF60 /* AppListBuilder.swift */; };
		CAEADA49218D4447009AC8A2 /* UIViewController+Extensions.swift in Sources */ = {isa = PBXBuildFile; fileRef = CAEADA48218D4447009AC8A2 /* UIViewController+Extensions.swift */; };
		CAF31C3B218DFBF700E7689C /* MixpanelService.swift in Sources */ = {isa = PBXBuildFile; fileRef = CAF31C3A218DFBF700E7689C /* MixpanelService.swift */; };
		CAF31C3F218E4A0000E7689C /* Service.swift in Sources */ = {isa = PBXBuildFile; fileRef = CAF31C3E218E4A0000E7689C /* Service.swift */; };
/* End PBXBuildFile section */

/* Begin PBXFileReference section */
		CA315388218684DD00C7D9E0 /* App.swift */ = {isa = PBXFileReference; lastKnownFileType = sourcecode.swift; path = App.swift; sourceTree = "<group>"; };
		CA31538A218732CD00C7D9E0 /* Apps.plist */ = {isa = PBXFileReference; lastKnownFileType = text.plist.xml; path = Apps.plist; sourceTree = "<group>"; };
		CA31538C21880D3700C7D9E0 /* TransferService.swift */ = {isa = PBXFileReference; lastKnownFileType = sourcecode.swift; path = TransferService.swift; sourceTree = "<group>"; };
		CA31538F2188A1B300C7D9E0 /* UINavigationController+Extensions.swift */ = {isa = PBXFileReference; lastKnownFileType = sourcecode.swift; path = "UINavigationController+Extensions.swift"; sourceTree = "<group>"; };
		CA3153922188A24D00C7D9E0 /* AppDetailsViewController.swift */ = {isa = PBXFileReference; lastKnownFileType = sourcecode.swift; path = AppDetailsViewController.swift; sourceTree = "<group>"; };
		CA3153942188AAD700C7D9E0 /* AppDetailsBuilder.swift */ = {isa = PBXFileReference; lastKnownFileType = sourcecode.swift; path = AppDetailsBuilder.swift; sourceTree = "<group>"; };
		CA3153962188ACCE00C7D9E0 /* LabelState.swift */ = {isa = PBXFileReference; lastKnownFileType = sourcecode.swift; path = LabelState.swift; sourceTree = "<group>"; };
		CA3153982188B12400C7D9E0 /* PaddedLabel.swift */ = {isa = PBXFileReference; lastKnownFileType = sourcecode.swift; path = PaddedLabel.swift; sourceTree = "<group>"; };
		CA31539B2188B3B000C7D9E0 /* ImageView.swift */ = {isa = PBXFileReference; lastKnownFileType = sourcecode.swift; path = ImageView.swift; sourceTree = "<group>"; };
		CA31539D21891F5900C7D9E0 /* SectionHeader.swift */ = {isa = PBXFileReference; lastKnownFileType = sourcecode.swift; path = SectionHeader.swift; sourceTree = "<group>"; };
		CA31539F218928E700C7D9E0 /* SpacerCell.swift */ = {isa = PBXFileReference; lastKnownFileType = sourcecode.swift; path = SpacerCell.swift; sourceTree = "<group>"; };
		CA7BE84A2186068D0002F8A2 /* BowlingCompanionCompanion.app */ = {isa = PBXFileReference; explicitFileType = wrapper.application; includeInIndex = 0; path = BowlingCompanionCompanion.app; sourceTree = BUILT_PRODUCTS_DIR; };
		CA7BE84D2186068D0002F8A2 /* AppDelegate.swift */ = {isa = PBXFileReference; lastKnownFileType = sourcecode.swift; path = AppDelegate.swift; sourceTree = "<group>"; };
		CA7BE84F2186068D0002F8A2 /* AppListViewController.swift */ = {isa = PBXFileReference; lastKnownFileType = sourcecode.swift; path = AppListViewController.swift; sourceTree = "<group>"; };
		CA7BE8542186068E0002F8A2 /* Assets.xcassets */ = {isa = PBXFileReference; lastKnownFileType = folder.assetcatalog; path = Assets.xcassets; sourceTree = "<group>"; };
		CA7BE8572186068E0002F8A2 /* Base */ = {isa = PBXFileReference; lastKnownFileType = file.storyboard; name = Base; path = Base.lproj/LaunchScreen.storyboard; sourceTree = "<group>"; };
		CA7BE8592186068E0002F8A2 /* Info.plist */ = {isa = PBXFileReference; lastKnownFileType = text.plist.xml; path = Info.plist; sourceTree = "<group>"; };
		CA9DFC9121860DFE0059AF60 /* FunctionalTableData.framework */ = {isa = PBXFileReference; explicitFileType = wrapper.framework; path = FunctionalTableData.framework; sourceTree = BUILT_PRODUCTS_DIR; };
		CA9DFC97218617C70059AF60 /* AppItemCell.swift */ = {isa = PBXFileReference; lastKnownFileType = sourcecode.swift; path = AppItemCell.swift; sourceTree = "<group>"; };
		CA9DFC9921861B770059AF60 /* Metrics.swift */ = {isa = PBXFileReference; lastKnownFileType = sourcecode.swift; path = Metrics.swift; sourceTree = "<group>"; };
		CA9DFC9B218620CA0059AF60 /* Colors.swift */ = {isa = PBXFileReference; lastKnownFileType = sourcecode.swift; path = Colors.swift; sourceTree = "<group>"; };
		CA9DFC9D21862C910059AF60 /* AppListBuilder.swift */ = {isa = PBXFileReference; lastKnownFileType = sourcecode.swift; path = AppListBuilder.swift; sourceTree = "<group>"; };
		CAEADA48218D4447009AC8A2 /* UIViewController+Extensions.swift */ = {isa = PBXFileReference; lastKnownFileType = sourcecode.swift; path = "UIViewController+Extensions.swift"; sourceTree = "<group>"; };
		CAF31C3A218DFBF700E7689C /* MixpanelService.swift */ = {isa = PBXFileReference; lastKnownFileType = sourcecode.swift; path = MixpanelService.swift; sourceTree = "<group>"; };
		CAF31C3E218E4A0000E7689C /* Service.swift */ = {isa = PBXFileReference; lastKnownFileType = sourcecode.swift; path = Service.swift; sourceTree = "<group>"; };
/* End PBXFileReference section */

/* Begin PBXFrameworksBuildPhase section */
		CA7BE8472186068D0002F8A2 /* Frameworks */ = {
			isa = PBXFrameworksBuildPhase;
			buildActionMask = 2147483647;
			files = (
				CA9DFC9221860DFE0059AF60 /* FunctionalTableData.framework in Frameworks */,
			);
			runOnlyForDeploymentPostprocessing = 0;
		};
/* End PBXFrameworksBuildPhase section */

/* Begin PBXGroup section */
		CA31538E2188A19F00C7D9E0 /* Extensions */ = {
			isa = PBXGroup;
			children = (
				CA31538F2188A1B300C7D9E0 /* UINavigationController+Extensions.swift */,
				CAEADA48218D4447009AC8A2 /* UIViewController+Extensions.swift */,
			);
			path = Extensions;
			sourceTree = "<group>";
		};
		CA3153912188A22A00C7D9E0 /* AppDetails */ = {
			isa = PBXGroup;
			children = (
				CA3153922188A24D00C7D9E0 /* AppDetailsViewController.swift */,
				CA3153942188AAD700C7D9E0 /* AppDetailsBuilder.swift */,
			);
			path = AppDetails;
			sourceTree = "<group>";
		};
		CA31539A2188B39700C7D9E0 /* Views */ = {
			isa = PBXGroup;
			children = (
				CA31539B2188B3B000C7D9E0 /* ImageView.swift */,
				CA3153962188ACCE00C7D9E0 /* LabelState.swift */,
				CA3153982188B12400C7D9E0 /* PaddedLabel.swift */,
				CA31539D21891F5900C7D9E0 /* SectionHeader.swift */,
				CA31539F218928E700C7D9E0 /* SpacerCell.swift */,
			);
			path = Views;
			sourceTree = "<group>";
		};
		CA4F08A62186702200C52A5B /* Recovered References */ = {
			isa = PBXGroup;
			children = (
				CA7BE8512186068D0002F8A2 /* Main.storyboard */,
			);
			name = "Recovered References";
			sourceTree = "<group>";
		};
		CA7BE8412186068D0002F8A2 = {
			isa = PBXGroup;
			children = (
				CA7BE84C2186068D0002F8A2 /* BowlingCompanionCompanion */,
				CA7BE84B2186068D0002F8A2 /* Products */,
				CA9DFC9021860DFE0059AF60 /* Frameworks */,
				CA4F08A62186702200C52A5B /* Recovered References */,
			);
			sourceTree = "<group>";
		};
		CA7BE84B2186068D0002F8A2 /* Products */ = {
			isa = PBXGroup;
			children = (
				CA7BE84A2186068D0002F8A2 /* BowlingCompanionCompanion.app */,
			);
			name = Products;
			sourceTree = "<group>";
		};
		CA7BE84C2186068D0002F8A2 /* BowlingCompanionCompanion */ = {
			isa = PBXGroup;
			children = (
				CA7BE8592186068E0002F8A2 /* Info.plist */,
				CA9DFC942186136A0059AF60 /* Resources */,
				CA9DFC93218613630059AF60 /* Source */,
			);
			path = BowlingCompanionCompanion;
			sourceTree = "<group>";
		};
		CA9DFC9021860DFE0059AF60 /* Frameworks */ = {
			isa = PBXGroup;
			children = (
				CA9DFC9121860DFE0059AF60 /* FunctionalTableData.framework */,
			);
			name = Frameworks;
			sourceTree = "<group>";
		};
		CA9DFC93218613630059AF60 /* Source */ = {
			isa = PBXGroup;
			children = (
				CA9DFC96218617AD0059AF60 /* Services */,
				CA3153912188A22A00C7D9E0 /* AppDetails */,
				CA9DFC95218617A30059AF60 /* AppList */,
				CA31538E2188A19F00C7D9E0 /* Extensions */,
				CA31539A2188B39700C7D9E0 /* Views */,
				CA7BE84D2186068D0002F8A2 /* AppDelegate.swift */,
				CA9DFC9B218620CA0059AF60 /* Colors.swift */,
				CA9DFC9921861B770059AF60 /* Metrics.swift */,
			);
			path = Source;
			sourceTree = "<group>";
		};
		CA9DFC942186136A0059AF60 /* Resources */ = {
			isa = PBXGroup;
			children = (
				CA7BE8542186068E0002F8A2 /* Assets.xcassets */,
				CA7BE8562186068E0002F8A2 /* LaunchScreen.storyboard */,
				CA31538A218732CD00C7D9E0 /* Apps.plist */,
			);
			path = Resources;
			sourceTree = "<group>";
		};
		CA9DFC95218617A30059AF60 /* AppList */ = {
			isa = PBXGroup;
			children = (
				CA9DFC9D21862C910059AF60 /* AppListBuilder.swift */,
				CA7BE84F2186068D0002F8A2 /* AppListViewController.swift */,
				CA9DFC97218617C70059AF60 /* AppItemCell.swift */,
				CA315388218684DD00C7D9E0 /* App.swift */,
			);
			path = AppList;
			sourceTree = "<group>";
		};
		CA9DFC96218617AD0059AF60 /* Services */ = {
			isa = PBXGroup;
			children = (
				CAFC0FE721A1C84D00BE1AA9 /* Mixpanel */,
				CAFC0FE821A1C85500BE1AA9 /* Transfer */,
				CAF31C3E218E4A0000E7689C /* Service.swift */,
			);
			path = Services;
			sourceTree = "<group>";
		};
		CAFC0FE721A1C84D00BE1AA9 /* Mixpanel */ = {
			isa = PBXGroup;
			children = (
				CAF31C3A218DFBF700E7689C /* MixpanelService.swift */,
			);
			path = Mixpanel;
			sourceTree = "<group>";
		};
		CAFC0FE821A1C85500BE1AA9 /* Transfer */ = {
			isa = PBXGroup;
			children = (
				CA31538C21880D3700C7D9E0 /* TransferService.swift */,
			);
			path = Transfer;
			sourceTree = "<group>";
		};
/* End PBXGroup section */

/* Begin PBXNativeTarget section */
		CA7BE8492186068D0002F8A2 /* BowlingCompanionCompanion */ = {
			isa = PBXNativeTarget;
			buildConfigurationList = CA7BE85C2186068E0002F8A2 /* Build configuration list for PBXNativeTarget "BowlingCompanionCompanion" */;
			buildPhases = (
				CA7BE8462186068D0002F8A2 /* Sources */,
				CA7BE8472186068D0002F8A2 /* Frameworks */,
				CA7BE8482186068D0002F8A2 /* Resources */,
			);
			buildRules = (
			);
			dependencies = (
			);
			name = BowlingCompanionCompanion;
			productName = BowlingCompanionCompanion;
			productReference = CA7BE84A2186068D0002F8A2 /* BowlingCompanionCompanion.app */;
			productType = "com.apple.product-type.application";
		};
/* End PBXNativeTarget section */

/* Begin PBXProject section */
		CA7BE8422186068D0002F8A2 /* Project object */ = {
			isa = PBXProject;
			attributes = {
				LastSwiftUpdateCheck = 1000;
				LastUpgradeCheck = 1000;
				ORGANIZATIONNAME = "Joseph Roque";
				TargetAttributes = {
					CA7BE8492186068D0002F8A2 = {
						CreatedOnToolsVersion = 10.0;
					};
				};
			};
			buildConfigurationList = CA7BE8452186068D0002F8A2 /* Build configuration list for PBXProject "BowlingCompanionCompanion" */;
			compatibilityVersion = "Xcode 9.3";
			developmentRegion = en;
			hasScannedForEncodings = 0;
			knownRegions = (
				en,
				Base,
			);
			mainGroup = CA7BE8412186068D0002F8A2;
			productRefGroup = CA7BE84B2186068D0002F8A2 /* Products */;
			projectDirPath = "";
			projectRoot = "";
			targets = (
				CA7BE8492186068D0002F8A2 /* BowlingCompanionCompanion */,
			);
		};
/* End PBXProject section */

/* Begin PBXResourcesBuildPhase section */
		CA7BE8482186068D0002F8A2 /* Resources */ = {
			isa = PBXResourcesBuildPhase;
			buildActionMask = 2147483647;
			files = (
				CA31538B218732CD00C7D9E0 /* Apps.plist in Resources */,
				CA7BE8582186068E0002F8A2 /* LaunchScreen.storyboard in Resources */,
				CA7BE8552186068E0002F8A2 /* Assets.xcassets in Resources */,
				CA7BE8532186068D0002F8A2 /* Main.storyboard in Resources */,
			);
			runOnlyForDeploymentPostprocessing = 0;
		};
/* End PBXResourcesBuildPhase section */

/* Begin PBXSourcesBuildPhase section */
		CA7BE8462186068D0002F8A2 /* Sources */ = {
			isa = PBXSourcesBuildPhase;
			buildActionMask = 2147483647;
			files = (
				CA3153992188B12400C7D9E0 /* PaddedLabel.swift in Sources */,
				CA3153972188ACCE00C7D9E0 /* LabelState.swift in Sources */,
				CA31539E21891F5900C7D9E0 /* SectionHeader.swift in Sources */,
				CA7BE8502186068D0002F8A2 /* AppListViewController.swift in Sources */,
				CA9DFC9E21862C910059AF60 /* AppListBuilder.swift in Sources */,
				CAEADA49218D4447009AC8A2 /* UIViewController+Extensions.swift in Sources */,
				CA3153952188AAD700C7D9E0 /* AppDetailsBuilder.swift in Sources */,
				CA9DFC9C218620CA0059AF60 /* Colors.swift in Sources */,
				CAF31C3B218DFBF700E7689C /* MixpanelService.swift in Sources */,
				CA3153932188A24D00C7D9E0 /* AppDetailsViewController.swift in Sources */,
				CA31538D21880D3700C7D9E0 /* TransferService.swift in Sources */,
				CA3153A0218928E700C7D9E0 /* SpacerCell.swift in Sources */,
				CA9DFC98218617C70059AF60 /* AppItemCell.swift in Sources */,
				CA7BE84E2186068D0002F8A2 /* AppDelegate.swift in Sources */,
				CA315389218684DD00C7D9E0 /* App.swift in Sources */,
				CA3153902188A1B300C7D9E0 /* UINavigationController+Extensions.swift in Sources */,
				CAF31C3F218E4A0000E7689C /* Service.swift in Sources */,
				CA31539C2188B3B000C7D9E0 /* ImageView.swift in Sources */,
				CA9DFC9A21861B770059AF60 /* Metrics.swift in Sources */,
			);
			runOnlyForDeploymentPostprocessing = 0;
		};
/* End PBXSourcesBuildPhase section */

/* Begin PBXVariantGroup section */
		CA7BE8512186068D0002F8A2 /* Main.storyboard */ = {
			isa = PBXVariantGroup;
			children = (
			);
			name = Main.storyboard;
			sourceTree = "<group>";
		};
		CA7BE8562186068E0002F8A2 /* LaunchScreen.storyboard */ = {
			isa = PBXVariantGroup;
			children = (
				CA7BE8572186068E0002F8A2 /* Base */,
			);
			name = LaunchScreen.storyboard;
			sourceTree = "<group>";
		};
/* End PBXVariantGroup section */

/* Begin XCBuildConfiguration section */
		CA7BE85A2186068E0002F8A2 /* Debug */ = {
			isa = XCBuildConfiguration;
			buildSettings = {
				ALWAYS_SEARCH_USER_PATHS = NO;
				CLANG_ANALYZER_NONNULL = YES;
				CLANG_ANALYZER_NUMBER_OBJECT_CONVERSION = YES_AGGRESSIVE;
				CLANG_CXX_LANGUAGE_STANDARD = "gnu++14";
				CLANG_CXX_LIBRARY = "libc++";
				CLANG_ENABLE_MODULES = YES;
				CLANG_ENABLE_OBJC_ARC = YES;
				CLANG_ENABLE_OBJC_WEAK = YES;
				CLANG_WARN_BLOCK_CAPTURE_AUTORELEASING = YES;
				CLANG_WARN_BOOL_CONVERSION = YES;
				CLANG_WARN_COMMA = YES;
				CLANG_WARN_CONSTANT_CONVERSION = YES;
				CLANG_WARN_DEPRECATED_OBJC_IMPLEMENTATIONS = YES;
				CLANG_WARN_DIRECT_OBJC_ISA_USAGE = YES_ERROR;
				CLANG_WARN_DOCUMENTATION_COMMENTS = YES;
				CLANG_WARN_EMPTY_BODY = YES;
				CLANG_WARN_ENUM_CONVERSION = YES;
				CLANG_WARN_INFINITE_RECURSION = YES;
				CLANG_WARN_INT_CONVERSION = YES;
				CLANG_WARN_NON_LITERAL_NULL_CONVERSION = YES;
				CLANG_WARN_OBJC_IMPLICIT_RETAIN_SELF = YES;
				CLANG_WARN_OBJC_LITERAL_CONVERSION = YES;
				CLANG_WARN_OBJC_ROOT_CLASS = YES_ERROR;
				CLANG_WARN_RANGE_LOOP_ANALYSIS = YES;
				CLANG_WARN_STRICT_PROTOTYPES = YES;
				CLANG_WARN_SUSPICIOUS_MOVE = YES;
				CLANG_WARN_UNGUARDED_AVAILABILITY = YES_AGGRESSIVE;
				CLANG_WARN_UNREACHABLE_CODE = YES;
				CLANG_WARN__DUPLICATE_METHOD_MATCH = YES;
				CODE_SIGN_IDENTITY = "iPhone Developer";
				COPY_PHASE_STRIP = NO;
				DEBUG_INFORMATION_FORMAT = dwarf;
				ENABLE_STRICT_OBJC_MSGSEND = YES;
				ENABLE_TESTABILITY = YES;
				GCC_C_LANGUAGE_STANDARD = gnu11;
				GCC_DYNAMIC_NO_PIC = NO;
				GCC_NO_COMMON_BLOCKS = YES;
				GCC_OPTIMIZATION_LEVEL = 0;
				GCC_PREPROCESSOR_DEFINITIONS = (
					"DEBUG=1",
					"$(inherited)",
				);
				GCC_WARN_64_TO_32_BIT_CONVERSION = YES;
				GCC_WARN_ABOUT_RETURN_TYPE = YES_ERROR;
				GCC_WARN_UNDECLARED_SELECTOR = YES;
				GCC_WARN_UNINITIALIZED_AUTOS = YES_AGGRESSIVE;
				GCC_WARN_UNUSED_FUNCTION = YES;
				GCC_WARN_UNUSED_VARIABLE = YES;
				IPHONEOS_DEPLOYMENT_TARGET = 12.0;
				MTL_ENABLE_DEBUG_INFO = INCLUDE_SOURCE;
				MTL_FAST_MATH = YES;
				ONLY_ACTIVE_ARCH = YES;
				SDKROOT = iphoneos;
				SWIFT_ACTIVE_COMPILATION_CONDITIONS = DEBUG;
				SWIFT_OPTIMIZATION_LEVEL = "-Onone";
			};
			name = Debug;
		};
		CA7BE85B2186068E0002F8A2 /* Release */ = {
			isa = XCBuildConfiguration;
			buildSettings = {
				ALWAYS_SEARCH_USER_PATHS = NO;
				CLANG_ANALYZER_NONNULL = YES;
				CLANG_ANALYZER_NUMBER_OBJECT_CONVERSION = YES_AGGRESSIVE;
				CLANG_CXX_LANGUAGE_STANDARD = "gnu++14";
				CLANG_CXX_LIBRARY = "libc++";
				CLANG_ENABLE_MODULES = YES;
				CLANG_ENABLE_OBJC_ARC = YES;
				CLANG_ENABLE_OBJC_WEAK = YES;
				CLANG_WARN_BLOCK_CAPTURE_AUTORELEASING = YES;
				CLANG_WARN_BOOL_CONVERSION = YES;
				CLANG_WARN_COMMA = YES;
				CLANG_WARN_CONSTANT_CONVERSION = YES;
				CLANG_WARN_DEPRECATED_OBJC_IMPLEMENTATIONS = YES;
				CLANG_WARN_DIRECT_OBJC_ISA_USAGE = YES_ERROR;
				CLANG_WARN_DOCUMENTATION_COMMENTS = YES;
				CLANG_WARN_EMPTY_BODY = YES;
				CLANG_WARN_ENUM_CONVERSION = YES;
				CLANG_WARN_INFINITE_RECURSION = YES;
				CLANG_WARN_INT_CONVERSION = YES;
				CLANG_WARN_NON_LITERAL_NULL_CONVERSION = YES;
				CLANG_WARN_OBJC_IMPLICIT_RETAIN_SELF = YES;
				CLANG_WARN_OBJC_LITERAL_CONVERSION = YES;
				CLANG_WARN_OBJC_ROOT_CLASS = YES_ERROR;
				CLANG_WARN_RANGE_LOOP_ANALYSIS = YES;
				CLANG_WARN_STRICT_PROTOTYPES = YES;
				CLANG_WARN_SUSPICIOUS_MOVE = YES;
				CLANG_WARN_UNGUARDED_AVAILABILITY = YES_AGGRESSIVE;
				CLANG_WARN_UNREACHABLE_CODE = YES;
				CLANG_WARN__DUPLICATE_METHOD_MATCH = YES;
				CODE_SIGN_IDENTITY = "iPhone Developer";
				COPY_PHASE_STRIP = NO;
				DEBUG_INFORMATION_FORMAT = "dwarf-with-dsym";
				ENABLE_NS_ASSERTIONS = NO;
				ENABLE_STRICT_OBJC_MSGSEND = YES;
				GCC_C_LANGUAGE_STANDARD = gnu11;
				GCC_NO_COMMON_BLOCKS = YES;
				GCC_WARN_64_TO_32_BIT_CONVERSION = YES;
				GCC_WARN_ABOUT_RETURN_TYPE = YES_ERROR;
				GCC_WARN_UNDECLARED_SELECTOR = YES;
				GCC_WARN_UNINITIALIZED_AUTOS = YES_AGGRESSIVE;
				GCC_WARN_UNUSED_FUNCTION = YES;
				GCC_WARN_UNUSED_VARIABLE = YES;
				IPHONEOS_DEPLOYMENT_TARGET = 12.0;
				MTL_ENABLE_DEBUG_INFO = NO;
				MTL_FAST_MATH = YES;
				SDKROOT = iphoneos;
				SWIFT_COMPILATION_MODE = wholemodule;
				SWIFT_OPTIMIZATION_LEVEL = "-O";
				VALIDATE_PRODUCT = YES;
			};
			name = Release;
		};
		CA7BE85D2186068E0002F8A2 /* Debug */ = {
			isa = XCBuildConfiguration;
			buildSettings = {
				ASSETCATALOG_COMPILER_APPICON_NAME = AppIcon;
				CODE_SIGN_STYLE = Automatic;
				DEVELOPMENT_TEAM = 3UBRXR267C;
				INFOPLIST_FILE = BowlingCompanionCompanion/Info.plist;
				LD_RUNPATH_SEARCH_PATHS = (
					"$(inherited)",
					"@executable_path/Frameworks",
				);
				PRODUCT_BUNDLE_IDENTIFIER = ca.josephroque.BowlingCompanionCompanion;
				PRODUCT_NAME = "$(TARGET_NAME)";
				SWIFT_VERSION = 4.2;
				TARGETED_DEVICE_FAMILY = "1,2";
			};
			name = Debug;
		};
		CA7BE85E2186068E0002F8A2 /* Release */ = {
			isa = XCBuildConfiguration;
			buildSettings = {
				ASSETCATALOG_COMPILER_APPICON_NAME = AppIcon;
				CODE_SIGN_STYLE = Automatic;
				DEVELOPMENT_TEAM = 3UBRXR267C;
				INFOPLIST_FILE = BowlingCompanionCompanion/Info.plist;
				LD_RUNPATH_SEARCH_PATHS = (
					"$(inherited)",
					"@executable_path/Frameworks",
				);
				PRODUCT_BUNDLE_IDENTIFIER = ca.josephroque.BowlingCompanionCompanion;
				PRODUCT_NAME = "$(TARGET_NAME)";
				SWIFT_VERSION = 4.2;
				TARGETED_DEVICE_FAMILY = "1,2";
			};
			name = Release;
		};
/* End XCBuildConfiguration section */

/* Begin XCConfigurationList section */
		CA7BE8452186068D0002F8A2 /* Build configuration list for PBXProject "BowlingCompanionCompanion" */ = {
			isa = XCConfigurationList;
			buildConfigurations = (
				CA7BE85A2186068E0002F8A2 /* Debug */,
				CA7BE85B2186068E0002F8A2 /* Release */,
			);
			defaultConfigurationIsVisible = 0;
			defaultConfigurationName = Release;
		};
		CA7BE85C2186068E0002F8A2 /* Build configuration list for PBXNativeTarget "BowlingCompanionCompanion" */ = {
			isa = XCConfigurationList;
			buildConfigurations = (
				CA7BE85D2186068E0002F8A2 /* Debug */,
				CA7BE85E2186068E0002F8A2 /* Release */,
			);
			defaultConfigurationIsVisible = 0;
			defaultConfigurationName = Release;
		};
/* End XCConfigurationList section */
	};
	rootObject = CA7BE8422186068D0002F8A2 /* Project object */;
}
